Microsoft Visual Studio Solution File, Format Version 12.00
# Visual Studio Version 18
VisualStudioVersion = 18.5.11723.231 stable
MinimumVisualStudioVersion = 10.0.40219.1
Project("{FAE04EC0-301F-11D3-BF4B-00C04F79EFBC}") = "CryptoPlatform.API", "CryptoPlatform.API\CryptoPlatform.API.csproj", "{A1B2C3D4-0001-0001-0001-000000000001}"
EndProject
Project("{FAE04EC0-301F-11D3-BF4B-00C04F79EFBC}") = "CryptoPlatform.Application", "CryptoPlatform.Application\CryptoPlatform.Application.csproj", "{A1B2C3D4-0002-0002-0002-000000000002}"
EndProject
Project("{FAE04EC0-301F-11D3-BF4B-00C04F79EFBC}") = "CryptoPlatform.Domain", "CryptoPlatform.Domain\CryptoPlatform.Domain.csproj", "{A1B2C3D4-0003-0003-0003-000000000003}"
EndProject
Project("{FAE04EC0-301F-11D3-BF4B-00C04F79EFBC}") = "CryptoPlatform.Infrastructure", "CryptoPlatform.Infrastructure\CryptoPlatform.Infrastructure.csproj", "{A1B2C3D4-0004-0004-0004-000000000004}"
EndProject
Project("{FAE04EC0-301F-11D3-BF4B-00C04F79EFBC}") = "CryptoPlatform.Tests.Unit", "CryptoPlatform.Tests.Unit\CryptoPlatform.Tests.Unit.csproj", "{6AF34EC5-C5CF-4CA5-AA01-10352C3EBCE3}"
EndProject
Project("{FAE04EC0-301F-11D3-BF4B-00C04F79EFBC}") = "CryptoPlatform.Tests.Integration", "CryptoPlatform.Tests.Integration\CryptoPlatform.Tests.Integration.csproj", "{BB70733F-9892-42FD-AED1-E0520DBD2A07}"
EndProject
Global
	GlobalSection(SolutionConfigurationPlatforms) = preSolution
		Debug|Any CPU = Debug|Any CPU
		Release|Any CPU = Release|Any CPU
	EndGlobalSection
	GlobalSection(ProjectConfigurationPlatforms) = postSolution
		{A1B2C3D4-0001-0001-0001-000000000001}.Debug|Any CPU.ActiveCfg = Debug|Any CPU
		{A1B2C3D4-0001-0001-0001-000000000001}.Debug|Any CPU.Build.0 = Debug|Any CPU
		{A1B2C3D4-0001-0001-0001-000000000001}.Release|Any CPU.ActiveCfg = Release|Any CPU
		{A1B2C3D4-0001-0001-0001-000000000001}.Release|Any CPU.Build.0 = Release|Any CPU
		{A1B2C3D4-0002-0002-0002-000000000002}.Debug|Any CPU.ActiveCfg = Debug|Any CPU
		{A1B2C3D4-0002-0002-0002-000000000002}.Debug|Any CPU.Build.0 = Debug|Any CPU
		{A1B2C3D4-0002-0002-0002-000000000002}.Release|Any CPU.ActiveCfg = Release|Any CPU
		{A1B2C3D4-0002-0002-0002-000000000002}.Release|Any CPU.Build.0 = Release|Any CPU
		{A1B2C3D4-0003-0003-0003-000000000003}.Debug|Any CPU.ActiveCfg = Debug|Any CPU
		{A1B2C3D4-0003-0003-0003-000000000003}.Debug|Any CPU.Build.0 = Debug|Any CPU
		{A1B2C3D4-0003-0003-0003-000000000003}.Release|Any CPU.ActiveCfg = Release|Any CPU
		{A1B2C3D4-0003-0003-0003-000000000003}.Release|Any CPU.Build.0 = Release|Any CPU
		{A1B2C3D4-0004-0004-0004-000000000004}.Debug|Any CPU.ActiveCfg = Debug|Any CPU
		{A1B2C3D4-0004-0004-0004-000000000004}.Debug|Any CPU.Build.0 = Debug|Any CPU
		{A1B2C3D4-0004-0004-0004-000000000004}.Release|Any CPU.ActiveCfg = Release|Any CPU
		{A1B2C3D4-0004-0004-0004-000000000004}.Release|Any CPU.Build.0 = Release|Any CPU
		{6AF34EC5-C5CF-4CA5-AA01-10352C3EBCE3}.Debug|Any CPU.ActiveCfg = Debug|Any CPU
		{6AF34EC5-C5CF-4CA5-AA01-10352C3EBCE3}.Debug|Any CPU.Build.0 = Debug|Any CPU
		{6AF34EC5-C5CF-4CA5-AA01-10352C3EBCE3}.Release|Any CPU.ActiveCfg = Release|Any CPU
		{6AF34EC5-C5CF-4CA5-AA01-10352C3EBCE3}.Release|Any CPU.Build.0 = Release|Any CPU
		{BB70733F-9892-42FD-AED1-E0520DBD2A07}.Debug|Any CPU.ActiveCfg = Debug|Any CPU
		{BB70733F-9892-42FD-AED1-E0520DBD2A07}.Debug|Any CPU.Build.0 = Debug|Any CPU
		{BB70733F-9892-42FD-AED1-E0520DBD2A07}.Release|Any CPU.ActiveCfg = Release|Any CPU
		{BB70733F-9892-42FD-AED1-E0520DBD2A07}.Release|Any CPU.Build.0 = Release|Any CPU
	EndGlobalSection
	GlobalSection(SolutionProperties) = preSolution
		HideSolutionNode = FALSE
	EndGlobalSection
EndGlobal
